// !$*UTF8*$!
{
	archiveVersion = 1;
	classes = {
	};
	objectVersion = 50;
	objects = {

/* Begin PBXBuildFile section */
		5C5D697E26197BD8001F7E06 /* ShowBankProductsApp.swift in Sources */ = {isa = PBXBuildFile; fileRef = 5C5D697D26197BD8001F7E06 /* ShowBankProductsApp.swift */; };
		5C5D698026197BD8001F7E06 /* ContentView.swift in Sources */ = {isa = PBXBuildFile; fileRef = 5C5D697F26197BD8001F7E06 /* ContentView.swift */; };
		5C5D698226197BD9001F7E06 /* Assets.xcassets in Resources */ = {isa = PBXBuildFile; fileRef = 5C5D698126197BD9001F7E06 /* Assets.xcassets */; };
		5C5D698526197BD9001F7E06 /* Preview Assets.xcassets in Resources */ = {isa = PBXBuildFile; fileRef = 5C5D698426197BD9001F7E06 /* Preview Assets.xcassets */; };
		5CEB7D2A26197FD800CB1EB6 /* CommbankModel.swift in Sources */ = {isa = PBXBuildFile; fileRef = 5CEB7D2926197FD800CB1EB6 /* CommbankModel.swift */; };
		5CEB7D39261983CC00CB1EB6 /* main.swift in Sources */ = {isa = PBXBuildFile; fileRef = 5CEB7D38261983CC00CB1EB6 /* main.swift */; };
		5CEB7D4826198BA700CB1EB6 /* CommbankModel.swift in Sources */ = {isa = PBXBuildFile; fileRef = 5CEB7D2926197FD800CB1EB6 /* CommbankModel.swift */; };
/* End PBXBuildFile section */

/* Begin PBXCopyFilesBuildPhase section */
		5CEB7D34261983CC00CB1EB6 /* CopyFiles */ = {
			isa = PBXCopyFilesBuildPhase;
			buildActionMask = 2147483647;
			dstPath = /usr/share/man/man1/;
			dstSubfolderSpec = 0;
			files = (
			);
			runOnlyForDeploymentPostprocessing = 1;
		};
/* End PBXCopyFilesBuildPhase section */

/* Begin PBXFileReference section */
		5C5D697A26197BD8001F7E06 /* ShowBankProducts.app */ = {isa = PBXFileReference; explicitFileType = wrapper.application; includeInIndex = 0; path = ShowBankProducts.app; sourceTree = BUILT_PRODUCTS_DIR; };
		5C5D697D26197BD8001F7E06 /* ShowBankProductsApp.swift */ = {isa = PBXFileReference; lastKnownFileType = sourcecode.swift; path = ShowBankProductsApp.swift; sourceTree = "<group>"; };
		5C5D697F26197BD8001F7E06 /* ContentView.swift */ = {isa = PBXFileReference; lastKnownFileType = sourcecode.swift; path = ContentView.swift; sourceTree = "<group>"; };
		5C5D698126197BD9001F7E06 /* Assets.xcassets */ = {isa = PBXFileReference; lastKnownFileType = folder.assetcatalog; path = Assets.xcassets; sourceTree = "<group>"; };
		5C5D698426197BD9001F7E06 /* Preview Assets.xcassets */ = {isa = PBXFileReference; lastKnownFileType = folder.assetcatalog; path = "Preview Assets.xcassets"; sourceTree = "<group>"; };
		5C5D698626197BD9001F7E06 /* Info.plist */ = {isa = PBXFileReference; lastKnownFileType = text.plist.xml; path = Info.plist; sourceTree = "<group>"; };
		5CEB7D2926197FD800CB1EB6 /* CommbankModel.swift */ = {isa = PBXFileReference; lastKnownFileType = sourcecode.swift; path = CommbankModel.swift; sourceTree = "<group>"; };
		5CEB7D36261983CC00CB1EB6 /* CommbankProbe */ = {isa = PBXFileReference; explicitFileType = "compiled.mach-o.executable"; includeInIndex = 0; path = CommbankProbe; sourceTree = BUILT_PRODUCTS_DIR; };
		5CEB7D38261983CC00CB1EB6 /* main.swift */ = {isa = PBXFileReference; lastKnownFileType = sourcecode.swift; path = main.swift; sourceTree = "<group>"; };
/* End PBXFileReference section */

/* Begin PBXFrameworksBuildPhase section */
		5C5D697726197BD8001F7E06 /* Frameworks */ = {
			isa = PBXFrameworksBuildPhase;
			buildActionMask = 2147483647;
			files = (
			);
			runOnlyForDeploymentPostprocessing = 0;
		};
		5CEB7D33261983CC00CB1EB6 /* Frameworks */ = {
			isa = PBXFrameworksBuildPhase;
			buildActionMask = 2147483647;
			files = (
			);
			runOnlyForDeploymentPostprocessing = 0;
		};
/* End PBXFrameworksBuildPhase section */

/* Begin PBXGroup section */
		5C5D697126197BD8001F7E06 = {
			isa = PBXGroup;
			children = (
				5CEB7D2826197F4500CB1EB6 /* model */,
				5C5D697C26197BD8001F7E06 /* ShowBankProducts */,
				5CEB7D37261983CC00CB1EB6 /* CommbankProbe */,
				5C5D697B26197BD8001F7E06 /* Products */,
			);
			sourceTree = "<group>";
		};
		5C5D697B26197BD8001F7E06 /* Products */ = {
			isa = PBXGroup;
			children = (
				5C5D697A26197BD8001F7E06 /* ShowBankProducts.app */,
				5CEB7D36261983CC00CB1EB6 /* CommbankProbe */,
			);
			name = Products;
			sourceTree = "<group>";
		};
		5C5D697C26197BD8001F7E06 /* ShowBankProducts */ = {
			isa = PBXGroup;
			children = (
				5C5D697D26197BD8001F7E06 /* ShowBankProductsApp.swift */,
				5C5D697F26197BD8001F7E06 /* ContentView.swift */,
				5C5D698126197BD9001F7E06 /* Assets.xcassets */,
				5C5D698626197BD9001F7E06 /* Info.plist */,
				5C5D698326197BD9001F7E06 /* Preview Content */,
			);
			path = ShowBankProducts;
			sourceTree = "<group>";
		};
		5C5D698326197BD9001F7E06 /* Preview Content */ = {
			isa = PBXGroup;
			children = (
				5C5D698426197BD9001F7E06 /* Preview Assets.xcassets */,
			);
			path = "Preview Content";
			sourceTree = "<group>";
		};
		5CEB7D2826197F4500CB1EB6 /* model */ = {
			isa = PBXGroup;
			children = (
				5CEB7D2926197FD800CB1EB6 /* CommbankModel.swift */,
			);
			path = model;
			sourceTree = "<group>";
		};
		5CEB7D37261983CC00CB1EB6 /* CommbankProbe */ = {
			isa = PBXGroup;
			children = (
				5CEB7D38261983CC00CB1EB6 /* main.swift */,
			);
			path = CommbankProbe;
			sourceTree = "<group>";
		};
/* End PBXGroup section */

/* Begin PBXNativeTarget section */
		5C5D697926197BD8001F7E06 /* ShowBankProducts */ = {
			isa = PBXNativeTarget;
			buildConfigurationList = 5C5D698926197BD9001F7E06 /* Build configuration list for PBXNativeTarget "ShowBankProducts" */;
			buildPhases = (
				5C5D697626197BD8001F7E06 /* Sources */,
				5C5D697726197BD8001F7E06 /* Frameworks */,
				5C5D697826197BD8001F7E06 /* Resources */,
			);
			buildRules = (
			);
			dependencies = (
			);
			name = ShowBankProducts;
			productName = ShowBankProducts;
			productReference = 5C5D697A26197BD8001F7E06 /* ShowBankProducts.app */;
			productType = "com.apple.product-type.application";
		};
		5CEB7D35261983CC00CB1EB6 /* CommbankProbe */ = {
			isa = PBXNativeTarget;
			buildConfigurationList = 5CEB7D3A261983CC00CB1EB6 /* Build configuration list for PBXNativeTarget "CommbankProbe" */;
			buildPhases = (
				5CEB7D32261983CC00CB1EB6 /* Sources */,
				5CEB7D33261983CC00CB1EB6 /* Frameworks */,
				5CEB7D34261983CC00CB1EB6 /* CopyFiles */,
			);
			buildRules = (
			);
			dependencies = (
			);
			name = CommbankProbe;
			productName = CommbankProbe;
			productReference = 5CEB7D36261983CC00CB1EB6 /* CommbankProbe */;
			productType = "com.apple.product-type.tool";
		};
/* End PBXNativeTarget section */

/* Begin PBXProject section */
		5C5D697226197BD8001F7E06 /* Project object */ = {
			isa = PBXProject;
			attributes = {
				LastSwiftUpdateCheck = 1240;
				LastUpgradeCheck = 1240;
				TargetAttributes = {
					5C5D697926197BD8001F7E06 = {
						CreatedOnToolsVersion = 12.4;
					};
					5CEB7D35261983CC00CB1EB6 = {
						CreatedOnToolsVersion = 12.4;
					};
				};
			};
			buildConfigurationList = 5C5D697526197BD8001F7E06 /* Build configuration list for PBXProject "ShowBankProducts" */;
			compatibilityVersion = "Xcode 9.3";
			developmentRegion = en;
			hasScannedForEncodings = 0;
			knownRegions = (
				en,
				Base,
			);
			mainGroup = 5C5D697126197BD8001F7E06;
			productRefGroup = 5C5D697B26197BD8001F7E06 /* Products */;
			projectDirPath = "";
			projectRoot = "";
			targets = (
				5C5D697926197BD8001F7E06 /* ShowBankProducts */,
				5CEB7D35261983CC00CB1EB6 /* CommbankProbe */,
			);
		};
/* End PBXProject section */

/* Begin PBXResourcesBuildPhase section */
		5C5D697826197BD8001F7E06 /* Resources */ = {
			isa = PBXResourcesBuildPhase;
			buildActionMask = 2147483647;
			files = (
				5C5D698526197BD9001F7E06 /* Preview Assets.xcassets in Resources */,
				5C5D698226197BD9001F7E06 /* Assets.xcassets in Resources */,
			);
			runOnlyForDeploymentPostprocessing = 0;
		};
/* End PBXResourcesBuildPhase section */

/* Begin PBXSourcesBuildPhase section */
		5C5D697626197BD8001F7E06 /* Sources */ = {
			isa = PBXSourcesBuildPhase;
			buildActionMask = 2147483647;
			files = (
				5C5D698026197BD8001F7E06 /* ContentView.swift in Sources */,
				5CEB7D2A26197FD800CB1EB6 /* CommbankModel.swift in Sources */,
				5C5D697E26197BD8001F7E06 /* ShowBankProductsApp.swift in Sources */,
			);
			runOnlyForDeploymentPostprocessing = 0;
		};
		5CEB7D32261983CC00CB1EB6 /* Sources */ = {
			isa = PBXSourcesBuildPhase;
			buildActionMask = 2147483647;
			files = (
				5CEB7D39261983CC00CB1EB6 /* main.swift in Sources */,
				5CEB7D4826198BA700CB1EB6 /* CommbankModel.swift in Sources */,
			);
			runOnlyForDeploymentPostprocessing = 0;
		};
/* End PBXSourcesBuildPhase section */

/* Begin XCBuildConfiguration section */
		5C5D698726197BD9001F7E06 /* Debug */ = {
			isa = XCBuildConfiguration;
			buildSettings = {
				ALWAYS_SEARCH_USER_PATHS = NO;
				CLANG_ANALYZER_NONNULL = YES;
				CLANG_ANALYZER_NUMBER_OBJECT_CONVERSION = YES_AGGRESSIVE;
				CLANG_CXX_LANGUAGE_STANDARD = "gnu++14";
				CLANG_CXX_LIBRARY = "libc++";
				CLANG_ENABLE_MODULES = YES;
				CLANG_ENABLE_OBJC_ARC = YES;
				CLANG_ENABLE_OBJC_WEAK = YES;
				CLANG_WARN_BLOCK_CAPTURE_AUTORELEASING = YES;
				CLANG_WARN_BOOL_CONVERSION = YES;
				CLANG_WARN_COMMA = YES;
				CLANG_WARN_CONSTANT_CONVERSION = YES;
				CLANG_WARN_DEPRECATED_OBJC_IMPLEMENTATIONS = YES;
				CLANG_WARN_DIRECT_OBJC_ISA_USAGE = YES_ERROR;
				CLANG_WARN_DOCUMENTATION_COMMENTS = YES;
				CLANG_WARN_EMPTY_BODY = YES;
				CLANG_WARN_ENUM_CONVERSION = YES;
				CLANG_WARN_INFINITE_RECURSION = YES;
				CLANG_WARN_INT_CONVERSION = YES;
				CLANG_WARN_NON_LITERAL_NULL_CONVERSION = YES;
				CLANG_WARN_OBJC_IMPLICIT_RETAIN_SELF = YES;
				CLANG_WARN_OBJC_LITERAL_CONVERSION = YES;
				CLANG_WARN_OBJC_ROOT_CLASS = YES_ERROR;
				CLANG_WARN_QUOTED_INCLUDE_IN_FRAMEWORK_HEADER = YES;
				CLANG_WARN_RANGE_LOOP_ANALYSIS = YES;
				CLANG_WARN_STRICT_PROTOTYPES = YES;
				CLANG_WARN_SUSPICIOUS_MOVE = YES;
				CLANG_WARN_UNGUARDED_AVAILABILITY = YES_AGGRESSIVE;
				CLANG_WARN_UNREACHABLE_CODE = YES;
				CLANG_WARN__DUPLICATE_METHOD_MATCH = YES;
				COPY_PHASE_STRIP = NO;
				DEBUG_INFORMATION_FORMAT = dwarf;
				ENABLE_STRICT_OBJC_MSGSEND = YES;
				ENABLE_TESTABILITY = YES;
				GCC_C_LANGUAGE_STANDARD = gnu11;
				GCC_DYNAMIC_NO_PIC = NO;
				GCC_NO_COMMON_BLOCKS = YES;
				GCC_OPTIMIZATION_LEVEL = 0;
				GCC_PREPROCESSOR_DEFINITIONS = (
					"DEBUG=1",
					"$(inherited)",
				);
				GCC_WARN_64_TO_32_BIT_CONVERSION = YES;
				GCC_WARN_ABOUT_RETURN_TYPE = YES_ERROR;
				GCC_WARN_UNDECLARED_SELECTOR = YES;
				GCC_WARN_UNINITIALIZED_AUTOS = YES_AGGRESSIVE;
				GCC_WARN_UNUSED_FUNCTION = YES;
				GCC_WARN_UNUSED_VARIABLE = YES;
				IPHONEOS_DEPLOYMENT_TARGET = 14.4;
				MTL_ENABLE_DEBUG_INFO = INCLUDE_SOURCE;
				MTL_FAST_MATH = YES;
				ONLY_ACTIVE_ARCH = YES;
				SDKROOT = iphoneos;
				SWIFT_ACTIVE_COMPILATION_CONDITIONS = DEBUG;
				SWIFT_OPTIMIZATION_LEVEL = "-Onone";
			};
			name = Debug;
		};
		5C5D698826197BD9001F7E06 /* Release */ = {
			isa = XCBuildConfiguration;
			buildSettings = {
				ALWAYS_SEARCH_USER_PATHS = NO;
				CLANG_ANALYZER_NONNULL = YES;
				CLANG_ANALYZER_NUMBER_OBJECT_CONVERSION = YES_AGGRESSIVE;
				CLANG_CXX_LANGUAGE_STANDARD = "gnu++14";
				CLANG_CXX_LIBRARY = "libc++";
				CLANG_ENABLE_MODULES = YES;
				CLANG_ENABLE_OBJC_ARC = YES;
				CLANG_ENABLE_OBJC_WEAK = YES;
				CLANG_WARN_BLOCK_CAPTURE_AUTORELEASING = YES;
				CLANG_WARN_BOOL_CONVERSION = YES;
				CLANG_WARN_COMMA = YES;
				CLANG_WARN_CONSTANT_CONVERSION = YES;
				CLANG_WARN_DEPRECATED_OBJC_IMPLEMENTATIONS = YES;
				CLANG_WARN_DIRECT_OBJC_ISA_USAGE = YES_ERROR;
				CLANG_WARN_DOCUMENTATION_COMMENTS = YES;
				CLANG_WARN_EMPTY_BODY = YES;
				CLANG_WARN_ENUM_CONVERSION = YES;
				CLANG_WARN_INFINITE_RECURSION = YES;
				CLANG_WARN_INT_CONVERSION = YES;
				CLANG_WARN_NON_LITERAL_NULL_CONVERSION = YES;
				CLANG_WARN_OBJC_IMPLICIT_RETAIN_SELF = YES;
				CLANG_WARN_OBJC_LITERAL_CONVERSION = YES;
				CLANG_WARN_OBJC_ROOT_CLASS = YES_ERROR;
				CLANG_WARN_QUOTED_INCLUDE_IN_FRAMEWORK_HEADER = YES;
				CLANG_WARN_RANGE_LOOP_ANALYSIS = YES;
				CLANG_WARN_STRICT_PROTOTYPES = YES;
				CLANG_WARN_SUSPICIOUS_MOVE = YES;
				CLANG_WARN_UNGUARDED_AVAILABILITY = YES_AGGRESSIVE;
				CLANG_WARN_UNREACHABLE_CODE = YES;
				CLANG_WARN__DUPLICATE_METHOD_MATCH = YES;
				COPY_PHASE_STRIP = NO;
				DEBUG_INFORMATION_FORMAT = "dwarf-with-dsym";
				ENABLE_NS_ASSERTIONS = NO;
				ENABLE_STRICT_OBJC_MSGSEND = YES;
				GCC_C_LANGUAGE_STANDARD = gnu11;
				GCC_NO_COMMON_BLOCKS = YES;
				GCC_WARN_64_TO_32_BIT_CONVERSION = YES;
				GCC_WARN_ABOUT_RETURN_TYPE = YES_ERROR;
				GCC_WARN_UNDECLARED_SELECTOR = YES;
				GCC_WARN_UNINITIALIZED_AUTOS = YES_AGGRESSIVE;
				GCC_WARN_UNUSED_FUNCTION = YES;
				GCC_WARN_UNUSED_VARIABLE = YES;
				IPHONEOS_DEPLOYMENT_TARGET = 14.4;
				MTL_ENABLE_DEBUG_INFO = NO;
				MTL_FAST_MATH = YES;
				SDKROOT = iphoneos;
				SWIFT_COMPILATION_MODE = wholemodule;
				SWIFT_OPTIMIZATION_LEVEL = "-O";
				VALIDATE_PRODUCT = YES;
			};
			name = Release;
		};
		5C5D698A26197BD9001F7E06 /* Debug */ = {
			isa = XCBuildConfiguration;
			buildSettings = {
				ASSETCATALOG_COMPILER_APPICON_NAME = AppIcon;
				ASSETCATALOG_COMPILER_GLOBAL_ACCENT_COLOR_NAME = AccentColor;
				CODE_SIGN_STYLE = Automatic;
				DEVELOPMENT_ASSET_PATHS = "\"ShowBankProducts/Preview Content\"";
				DEVELOPMENT_TEAM = Z6UU7WL5HP;
				ENABLE_PREVIEWS = YES;
				INFOPLIST_FILE = ShowBankProducts/Info.plist;
				IPHONEOS_DEPLOYMENT_TARGET = 14.0;
				LD_RUNPATH_SEARCH_PATHS = (
					"$(inherited)",
					"@executable_path/Frameworks",
				);
				PRODUCT_BUNDLE_IDENTIFIER = "com.ace-authors.codechallenge.ShowBankProducts";
				PRODUCT_NAME = "$(TARGET_NAME)";
				SWIFT_VERSION = 5.0;
				TARGETED_DEVICE_FAMILY = "1,2";
			};
			name = Debug;
		};
		5C5D698B26197BD9001F7E06 /* Release */ = {
			isa = XCBuildConfiguration;
			buildSettings = {
				ASSETCATALOG_COMPILER_APPICON_NAME = AppIcon;
				ASSETCATALOG_COMPILER_GLOBAL_ACCENT_COLOR_NAME = AccentColor;
				CODE_SIGN_STYLE = Automatic;
				DEVELOPMENT_ASSET_PATHS = "\"ShowBankProducts/Preview Content\"";
				DEVELOPMENT_TEAM = Z6UU7WL5HP;
				ENABLE_PREVIEWS = YES;
				INFOPLIST_FILE = ShowBankProducts/Info.plist;
				IPHONEOS_DEPLOYMENT_TARGET = 14.0;
				LD_RUNPATH_SEARCH_PATHS = (
					"$(inherited)",
					"@executable_path/Frameworks",
				);
				PRODUCT_BUNDLE_IDENTIFIER = "com.ace-authors.codechallenge.ShowBankProducts";
				PRODUCT_NAME = "$(TARGET_NAME)";
				SWIFT_VERSION = 5.0;
				TARGETED_DEVICE_FAMILY = "1,2";
			};
			name = Release;
		};
		5CEB7D3B261983CC00CB1EB6 /* Debug */ = {
			isa = XCBuildConfiguration;
			buildSettings = {
				CODE_SIGN_STYLE = Automatic;
				DEVELOPMENT_TEAM = Z6UU7WL5HP;
				ENABLE_HARDENED_RUNTIME = YES;
				MACOSX_DEPLOYMENT_TARGET = 11.1;
				PRODUCT_NAME = "$(TARGET_NAME)";
				SDKROOT = macosx;
				SWIFT_VERSION = 5.0;
			};
			name = Debug;
		};
		5CEB7D3C261983CC00CB1EB6 /* Release */ = {
			isa = XCBuildConfiguration;
			buildSettings = {
				CODE_SIGN_STYLE = Automatic;
				DEVELOPMENT_TEAM = Z6UU7WL5HP;
				ENABLE_HARDENED_RUNTIME = YES;
				MACOSX_DEPLOYMENT_TARGET = 11.1;
				PRODUCT_NAME = "$(TARGET_NAME)";
				SDKROOT = macosx;
				SWIFT_VERSION = 5.0;
			};
			name = Release;
		};
/* End XCBuildConfiguration section */

/* Begin XCConfigurationList section */
		5C5D697526197BD8001F7E06 /* Build configuration list for PBXProject "ShowBankProducts" */ = {
			isa = XCConfigurationList;
			buildConfigurations = (
				5C5D698726197BD9001F7E06 /* Debug */,
				5C5D698826197BD9001F7E06 /* Release */,
			);
			defaultConfigurationIsVisible = 0;
			defaultConfigurationName = Release;
		};
		5C5D698926197BD9001F7E06 /* Build configuration list for PBXNativeTarget "ShowBankProducts" */ = {
			isa = XCConfigurationList;
			buildConfigurations = (
				5C5D698A26197BD9001F7E06 /* Debug */,
				5C5D698B26197BD9001F7E06 /* Release */,
			);
			defaultConfigurationIsVisible = 0;
			defaultConfigurationName = Release;
		};
		5CEB7D3A261983CC00CB1EB6 /* Build configuration list for PBXNativeTarget "CommbankProbe" */ = {
			isa = XCConfigurationList;
			buildConfigurations = (
				5CEB7D3B261983CC00CB1EB6 /* Debug */,
				5CEB7D3C261983CC00CB1EB6 /* Release */,
			);
			defaultConfigurationIsVisible = 0;
			defaultConfigurationName = Release;
		};
/* End XCConfigurationList section */
	};
	rootObject = 5C5D697226197BD8001F7E06 /* Project object */;
}
